{
    "_readme": [
        "This file locks the dependencies of your project to a known state",
        "Read more about it at http://getcomposer.org/doc/01-basic-usage.md#composer-lock-the-lock-file",
        "This file is @generated automatically"
    ],
    "hash": "7781d910a62c411cb25e0ea350e46ebf",
    "packages": [
        {
            "name": "crisu83/yiistrap",
            "version": "dev-bs3",
            "source": {
                "type": "git",
                "url": "https://github.com/crisu83/yiistrap.git",
                "reference": "ade2580f39ce5eed6f73d162473019d2be5c1597"
            },
            "dist": {
                "type": "zip",
                "url": "https://api.github.com/repos/crisu83/yiistrap/zipball/ade2580f39ce5eed6f73d162473019d2be5c1597",
                "reference": "ade2580f39ce5eed6f73d162473019d2be5c1597",
                "shasum": ""
            },
            "require": {
                "twbs/bootstrap": ">=3.1.1"
            },
            "require-dev": {
                "codeception/codeception": "@stable",
                "crisu83/yii-composer": ">=1.0.0",
                "yiisoft/yii": ">=1.1.13"
            },
            "type": "library",
            "extra": {
                "yii-install-writable": [
                    "tests/_log"
                ]
            },
            "autoload": {
                "classmap": [
                    "behaviors/",
                    "components/",
                    "form/",
                    "helpers/",
                    "widgets/",
                    "gii/bootstrap/BootstrapCode.php"
                ]
            },
            "notification-url": "https://packagist.org/downloads/",
            "license": [
                "BSD-3-Clause"
            ],
            "authors": [
                {
                    "name": "Christoffer Niska",
                    "email": "christoffer.niska@gmail.com",
                    "homepage": "http://www.cniska.net/"
                },
                {
                    "name": "Antonio Ramirez",
                    "email": "ramirez.cobos@gmail.com",
                    "homepage": "http://www.ramirezcobos.com/"
                }
            ],
            "description": "Twitter Bootstrap for the Yii PHP framework.",
            "keywords": [
                "bootstrap",
                "yii"
            ],
            "time": "2015-01-29 22:04:07"
        },
        {
            "name": "kpowz/gus-bootstrap",
            "version": "3.2.x-dev",
            "source": {
                "type": "git",
                "url": "https://github.com/kPOWz/gus-bootstrap.git",
                "reference": "356ab014e9dc3f8e7ed8677dd7cfd9fa580a75d8"
            },
            "dist": {
                "type": "zip",
                "url": "https://api.github.com/repos/kPOWz/gus-bootstrap/zipball/356ab014e9dc3f8e7ed8677dd7cfd9fa580a75d8",
                "reference": "356ab014e9dc3f8e7ed8677dd7cfd9fa580a75d8",
                "shasum": ""
            },
            "type": "library",
            "extra": {
                "branch-alias": {
                    "dev-master": "3.2.x-dev"
                }
            },
            "notification-url": "https://packagist.org/downloads/",
            "license": [
                "MIT"
            ],
            "authors": [
                {
                    "name": "Jacob Thornton",
                    "email": "jacobthornton@gmail.com"
                },
                {
                    "name": "Mark Otto",
                    "email": "markdotto@gmail.com"
                }
            ],
            "description": "GUS customization of the most popular front-end framework for developing responsive, mobile first projects on the web.",
            "homepage": "http://kpowz.github.io/gus-sg",
            "keywords": [
                "JS",
                "css",
                "framework",
                "front-end",
                "less",
                "mobile-first",
                "responsive",
                "web"
            ],
            "time": "2015-02-11 21:56:38"
        },
        {
            "name": "twbs/bootstrap",
            "version": "dev-master",
            "source": {
                "type": "git",
                "url": "https://github.com/twbs/bootstrap.git",
                "reference": "61705d35fa314a16579169fb7379e5101716e715"
            },
            "dist": {
                "type": "zip",
                "url": "https://api.github.com/repos/twbs/bootstrap/zipball/61705d35fa314a16579169fb7379e5101716e715",
                "reference": "61705d35fa314a16579169fb7379e5101716e715",
                "shasum": ""
            },
            "replace": {
                "twitter/bootstrap": "self.version"
            },
            "type": "library",
            "extra": {
                "branch-alias": {
                    "dev-master": "3.2.x-dev"
                }
            },
            "notification-url": "https://packagist.org/downloads/",
            "license": [
                "MIT"
            ],
            "authors": [
                {
                    "name": "Jacob Thornton",
                    "email": "jacobthornton@gmail.com"
                },
                {
                    "name": "Mark Otto",
                    "email": "markdotto@gmail.com"
                }
            ],
            "description": "The most popular front-end framework for developing responsive, mobile first projects on the web.",
            "homepage": "http://getbootstrap.com",
            "keywords": [
                "JS",
                "css",
                "framework",
                "front-end",
                "less",
                "mobile-first",
                "responsive",
                "web"
            ],
            "time": "2014-10-07 04:57:46"
        }
    ],
    "packages-dev": [],
    "aliases": [],
    "minimum-stability": "dev",
    "stability-flags": {
        "crisu83/yiistrap": 20,
        "kpowz/gus-bootstrap": 20
    },
    "prefer-stable": false,
    "prefer-lowest": false,
    "platform": {
        "php": ">=5.3.0"
    },
    "platform-dev": []
}
